
Microsoft Visual Studio Solution File, Format Version 12.00
# Visual Studio Version 17
VisualStudioVersion = 17.8.34309.116
MinimumVisualStudioVersion = 10.0.40219.1
Project("{8BC9CEB8-8B4A-11D0-8D11-00A0C91BC942}") = "ClochesADLink", "ClochesADLink\ClochesADLink.vcxproj", "{52C43EC8-C7A4-4F59-BAC3-1D513745036C}"
EndProject
Global
	GlobalSection(SolutionConfigurationPlatforms) = preSolution
		Debug|x64 = Debug|x64
		Release|x64 = Release|x64
	EndGlobalSection
	GlobalSection(ProjectConfigurationPlatforms) = postSolution
		{52C43EC8-C7A4-4F59-BAC3-1D513745036C}.Debug|x64.ActiveCfg = Debug|x64
		{52C43EC8-C7A4-4F59-BAC3-1D513745036C}.Debug|x64.Build.0 = Debug|x64
		{52C43EC8-C7A4-4F59-BAC3-1D513745036C}.Release|x64.ActiveCfg = Release|x64
		{52C43EC8-C7A4-4F59-BAC3-1D513745036C}.Release|x64.Build.0 = Release|x64
	EndGlobalSection
	GlobalSection(SolutionProperties) = preSolution
		HideSolutionNode = FALSE
	EndGlobalSection
	GlobalSection(ExtensibilityGlobals) = postSolution
		SolutionGuid = {1B7A99CD-EA1E-4FFB-98A0-9DC72CB630BC}
	EndGlobalSection
EndGlobal
