
Microsoft Visual Studio Solution File, Format Version 12.00
# Visual Studio 15
VisualStudioVersion = 15.0.33801.198
MinimumVisualStudioVersion = 10.0.40219.1
Project("{8BC9CEB8-8B4A-11D0-8D11-00A0C91BC942}") = "TP Systeme Cloches", "TP Systeme Cloches\TP Systeme Cloches.vcxproj", "{F1979C38-B705-4734-9419-7D058BB8E0AB}"
EndProject
Global
	GlobalSection(SolutionConfigurationPlatforms) = preSolution
		Debug|x64 = Debug|x64
		Release|x64 = Release|x64
	EndGlobalSection
	GlobalSection(ProjectConfigurationPlatforms) = postSolution
		{F1979C38-B705-4734-9419-7D058BB8E0AB}.Debug|x64.ActiveCfg = Debug|x64
		{F1979C38-B705-4734-9419-7D058BB8E0AB}.Debug|x64.Build.0 = Debug|x64
		{F1979C38-B705-4734-9419-7D058BB8E0AB}.Release|x64.ActiveCfg = Release|x64
		{F1979C38-B705-4734-9419-7D058BB8E0AB}.Release|x64.Build.0 = Release|x64
	EndGlobalSection
	GlobalSection(SolutionProperties) = preSolution
		HideSolutionNode = FALSE
	EndGlobalSection
	GlobalSection(ExtensibilityGlobals) = postSolution
		SolutionGuid = {BAC5E67F-A708-4274-BB7E-604C109A0DE8}
	EndGlobalSection
EndGlobal
